
Microsoft Visual Studio Solution File, Format Version 12.00
# Visual Studio 2012
Project("{FAE04EC0-301F-11D3-BF4B-00C04F79EFBC}") = "ReportGenerator", "ReportGenerator\ReportGenerator.csproj", "{C4B75A92-8654-4F97-88BD-3BAE6F86D821}"
EndProject
Project("{FAE04EC0-301F-11D3-BF4B-00C04F79EFBC}") = "ReportCompiler", "ReportCompiler\ReportCompiler.csproj", "{64A6CA93-9F19-42AD-891C-1A88CFCEE16E}"
EndProject
Project("{FAE04EC0-301F-11D3-BF4B-00C04F79EFBC}") = "ReportCompilerTest", "ReportCompilerTest\ReportCompilerTest.csproj", "{301C6764-D6B5-4F6D-B742-33DEA15E5BC4}"
EndProject
Global
	GlobalSection(SolutionConfigurationPlatforms) = preSolution
		Debug|Any CPU = Debug|Any CPU
		Release|Any CPU = Release|Any CPU
	EndGlobalSection
	GlobalSection(ProjectConfigurationPlatforms) = postSolution
		{C4B75A92-8654-4F97-88BD-3BAE6F86D821}.Debug|Any CPU.ActiveCfg = Debug|Any CPU
		{C4B75A92-8654-4F97-88BD-3BAE6F86D821}.Debug|Any CPU.Build.0 = Debug|Any CPU
		{C4B75A92-8654-4F97-88BD-3BAE6F86D821}.Release|Any CPU.ActiveCfg = Release|Any CPU
		{C4B75A92-8654-4F97-88BD-3BAE6F86D821}.Release|Any CPU.Build.0 = Release|Any CPU
		{64A6CA93-9F19-42AD-891C-1A88CFCEE16E}.Debug|Any CPU.ActiveCfg = Debug|Any CPU
		{64A6CA93-9F19-42AD-891C-1A88CFCEE16E}.Debug|Any CPU.Build.0 = Debug|Any CPU
		{64A6CA93-9F19-42AD-891C-1A88CFCEE16E}.Release|Any CPU.ActiveCfg = Release|Any CPU
		{64A6CA93-9F19-42AD-891C-1A88CFCEE16E}.Release|Any CPU.Build.0 = Release|Any CPU
		{301C6764-D6B5-4F6D-B742-33DEA15E5BC4}.Debug|Any CPU.ActiveCfg = Debug|Any CPU
		{301C6764-D6B5-4F6D-B742-33DEA15E5BC4}.Debug|Any CPU.Build.0 = Debug|Any CPU
		{301C6764-D6B5-4F6D-B742-33DEA15E5BC4}.Release|Any CPU.ActiveCfg = Release|Any CPU
		{301C6764-D6B5-4F6D-B742-33DEA15E5BC4}.Release|Any CPU.Build.0 = Release|Any CPU
	EndGlobalSection
	GlobalSection(SolutionProperties) = preSolution
		HideSolutionNode = FALSE
	EndGlobalSection
EndGlobal
